// !$*UTF8*$!
{
	archiveVersion = 1;
	classes = {
	};
	objectVersion = 46;
	objects = {

/* Begin PBXBuildFile section */
		0907A73819524E4D0049DE03 /* EpP6YvQ.jpg in Resources */ = {isa = PBXBuildFile; fileRef = 0907A73719524E4D0049DE03 /* EpP6YvQ.jpg */; };
		093F7CBB1953403B00B2ED7D /* stars.jpg in Resources */ = {isa = PBXBuildFile; fileRef = 093F7CBA1953403B00B2ED7D /* stars.jpg */; };
		093F7CBF19535F6F00B2ED7D /* login_button1.png in Resources */ = {isa = PBXBuildFile; fileRef = 093F7CBE19535F6F00B2ED7D /* login_button1.png */; };
		0967C97E1950BCFF00353D1A /* LoginController.swift in Sources */ = {isa = PBXBuildFile; fileRef = 0967C97D1950BCFF00353D1A /* LoginController.swift */; };
		096A6A27194D059F0091860D /* AppDelegate.swift in Sources */ = {isa = PBXBuildFile; fileRef = 096A6A26194D059F0091860D /* AppDelegate.swift */; };
		096A6A29194D059F0091860D /* MapViewController.swift in Sources */ = {isa = PBXBuildFile; fileRef = 096A6A28194D059F0091860D /* MapViewController.swift */; };
		096A6A2C194D059F0091860D /* Main.storyboard in Resources */ = {isa = PBXBuildFile; fileRef = 096A6A2A194D059F0091860D /* Main.storyboard */; };
		096A6A2E194D059F0091860D /* Images.xcassets in Resources */ = {isa = PBXBuildFile; fileRef = 096A6A2D194D059F0091860D /* Images.xcassets */; };
		096A6A3A194D059F0091860D /* bike_1_1Tests.swift in Sources */ = {isa = PBXBuildFile; fileRef = 096A6A39194D059F0091860D /* bike_1_1Tests.swift */; };
		096A6A44194D065B0091860D /* AddToMapViewController.swift in Sources */ = {isa = PBXBuildFile; fileRef = 096A6A43194D065B0091860D /* AddToMapViewController.swift */; };
		096A6A46194D09880091860D /* MapKit.framework in Frameworks */ = {isa = PBXBuildFile; fileRef = 096A6A45194D09880091860D /* MapKit.framework */; };
		096A6A48194D098E0091860D /* CoreLocation.framework in Frameworks */ = {isa = PBXBuildFile; fileRef = 096A6A47194D098E0091860D /* CoreLocation.framework */; };
		096A6A4A194D12370091860D /* dbc.gpx in Resources */ = {isa = PBXBuildFile; fileRef = 096A6A49194D12370091860D /* dbc.gpx */; };
		096A6A55194FBA390091860D /* CoreGraphics.framework in Frameworks */ = {isa = PBXBuildFile; fileRef = 096A6A54194FBA390091860D /* CoreGraphics.framework */; };
/* End PBXBuildFile section */

/* Begin PBXContainerItemProxy section */
		096A6A34194D059F0091860D /* PBXContainerItemProxy */ = {
			isa = PBXContainerItemProxy;
			containerPortal = 096A6A19194D059F0091860D /* Project object */;
			proxyType = 1;
			remoteGlobalIDString = 096A6A20194D059F0091860D;
			remoteInfo = "bike-1-1";
		};
/* End PBXContainerItemProxy section */

/* Begin PBXFileReference section */
		0907A73719524E4D0049DE03 /* EpP6YvQ.jpg */ = {isa = PBXFileReference; lastKnownFileType = image.jpeg; path = EpP6YvQ.jpg; sourceTree = "<group>"; };
		093F7CBA1953403B00B2ED7D /* stars.jpg */ = {isa = PBXFileReference; lastKnownFileType = image.jpeg; path = stars.jpg; sourceTree = "<group>"; };
		093F7CBE19535F6F00B2ED7D /* login_button1.png */ = {isa = PBXFileReference; lastKnownFileType = image.png; path = login_button1.png; sourceTree = "<group>"; };
		0967C97D1950BCFF00353D1A /* LoginController.swift */ = {isa = PBXFileReference; fileEncoding = 4; lastKnownFileType = sourcecode.swift; path = LoginController.swift; sourceTree = "<group>"; };
		096A6A21194D059F0091860D /* bike-1-1.app */ = {isa = PBXFileReference; explicitFileType = wrapper.application; includeInIndex = 0; path = "bike-1-1.app"; sourceTree = BUILT_PRODUCTS_DIR; };
		096A6A25194D059F0091860D /* Info.plist */ = {isa = PBXFileReference; lastKnownFileType = text.plist.xml; path = Info.plist; sourceTree = "<group>"; };
		096A6A26194D059F0091860D /* AppDelegate.swift */ = {isa = PBXFileReference; lastKnownFileType = sourcecode.swift; path = AppDelegate.swift; sourceTree = "<group>"; };
		096A6A28194D059F0091860D /* MapViewController.swift */ = {isa = PBXFileReference; lastKnownFileType = sourcecode.swift; path = MapViewController.swift; sourceTree = "<group>"; };
		096A6A2B194D059F0091860D /* Base */ = {isa = PBXFileReference; lastKnownFileType = file.storyboard; name = Base; path = Base.lproj/Main.storyboard; sourceTree = "<group>"; };
		096A6A2D194D059F0091860D /* Images.xcassets */ = {isa = PBXFileReference; lastKnownFileType = folder.assetcatalog; path = Images.xcassets; sourceTree = "<group>"; };
		096A6A33194D059F0091860D /* bike-1-1Tests.xctest */ = {isa = PBXFileReference; explicitFileType = wrapper.cfbundle; includeInIndex = 0; path = "bike-1-1Tests.xctest"; sourceTree = BUILT_PRODUCTS_DIR; };
		096A6A38194D059F0091860D /* Info.plist */ = {isa = PBXFileReference; lastKnownFileType = text.plist.xml; path = Info.plist; sourceTree = "<group>"; };
		096A6A39194D059F0091860D /* bike_1_1Tests.swift */ = {isa = PBXFileReference; lastKnownFileType = sourcecode.swift; path = bike_1_1Tests.swift; sourceTree = "<group>"; };
		096A6A43194D065B0091860D /* AddToMapViewController.swift */ = {isa = PBXFileReference; fileEncoding = 4; lastKnownFileType = sourcecode.swift; path = AddToMapViewController.swift; sourceTree = "<group>"; };
		096A6A45194D09880091860D /* MapKit.framework */ = {isa = PBXFileReference; lastKnownFileType = wrapper.framework; name = MapKit.framework; path = System/Library/Frameworks/MapKit.framework; sourceTree = SDKROOT; };
		096A6A47194D098E0091860D /* CoreLocation.framework */ = {isa = PBXFileReference; lastKnownFileType = wrapper.framework; name = CoreLocation.framework; path = System/Library/Frameworks/CoreLocation.framework; sourceTree = SDKROOT; };
		096A6A49194D12370091860D /* dbc.gpx */ = {isa = PBXFileReference; fileEncoding = 4; lastKnownFileType = text; path = dbc.gpx; sourceTree = "<group>"; };
		096A6A54194FBA390091860D /* CoreGraphics.framework */ = {isa = PBXFileReference; lastKnownFileType = wrapper.framework; name = CoreGraphics.framework; path = System/Library/Frameworks/CoreGraphics.framework; sourceTree = SDKROOT; };
/* End PBXFileReference section */

/* Begin PBXFrameworksBuildPhase section */
		096A6A1E194D059F0091860D /* Frameworks */ = {
			isa = PBXFrameworksBuildPhase;
			buildActionMask = 2147483647;
			files = (
				096A6A55194FBA390091860D /* CoreGraphics.framework in Frameworks */,
				096A6A48194D098E0091860D /* CoreLocation.framework in Frameworks */,
				096A6A46194D09880091860D /* MapKit.framework in Frameworks */,
			);
			runOnlyForDeploymentPostprocessing = 0;
		};
		096A6A30194D059F0091860D /* Frameworks */ = {
			isa = PBXFrameworksBuildPhase;
			buildActionMask = 2147483647;
			files = (
			);
			runOnlyForDeploymentPostprocessing = 0;
		};
/* End PBXFrameworksBuildPhase section */

/* Begin PBXGroup section */
		096A6A18194D059F0091860D = {
			isa = PBXGroup;
			children = (
				096A6A54194FBA390091860D /* CoreGraphics.framework */,
				096A6A49194D12370091860D /* dbc.gpx */,
				096A6A47194D098E0091860D /* CoreLocation.framework */,
				096A6A45194D09880091860D /* MapKit.framework */,
				096A6A23194D059F0091860D /* bike-1-1 */,
				096A6A36194D059F0091860D /* bike-1-1Tests */,
				096A6A22194D059F0091860D /* Products */,
			);
			sourceTree = "<group>";
		};
		096A6A22194D059F0091860D /* Products */ = {
			isa = PBXGroup;
			children = (
				096A6A21194D059F0091860D /* bike-1-1.app */,
				096A6A33194D059F0091860D /* bike-1-1Tests.xctest */,
			);
			name = Products;
			sourceTree = "<group>";
		};
		096A6A23194D059F0091860D /* bike-1-1 */ = {
			isa = PBXGroup;
			children = (
				096A6A26194D059F0091860D /* AppDelegate.swift */,
				096A6A28194D059F0091860D /* MapViewController.swift */,
				096A6A2A194D059F0091860D /* Main.storyboard */,
				0967C97D1950BCFF00353D1A /* LoginController.swift */,
				096A6A43194D065B0091860D /* AddToMapViewController.swift */,
				096A6A2D194D059F0091860D /* Images.xcassets */,
				096A6A24194D059F0091860D /* Supporting Files */,
			);
			path = "bike-1-1";
			sourceTree = "<group>";
		};
		096A6A24194D059F0091860D /* Supporting Files */ = {
			isa = PBXGroup;
			children = (
				093F7CBE19535F6F00B2ED7D /* login_button1.png */,
				0907A73719524E4D0049DE03 /* EpP6YvQ.jpg */,
				093F7CBA1953403B00B2ED7D /* stars.jpg */,
				096A6A25194D059F0091860D /* Info.plist */,
			);
			name = "Supporting Files";
			sourceTree = "<group>";
		};
		096A6A36194D059F0091860D /* bike-1-1Tests */ = {
			isa = PBXGroup;
			children = (
				096A6A39194D059F0091860D /* bike_1_1Tests.swift */,
				096A6A37194D059F0091860D /* Supporting Files */,
			);
			path = "bike-1-1Tests";
			sourceTree = "<group>";
		};
		096A6A37194D059F0091860D /* Supporting Files */ = {
			isa = PBXGroup;
			children = (
				096A6A38194D059F0091860D /* Info.plist */,
			);
			name = "Supporting Files";
			sourceTree = "<group>";
		};
/* End PBXGroup section */

/* Begin PBXNativeTarget section */
		096A6A20194D059F0091860D /* bike-1-1 */ = {
			isa = PBXNativeTarget;
			buildConfigurationList = 096A6A3D194D059F0091860D /* Build configuration list for PBXNativeTarget "bike-1-1" */;
			buildPhases = (
				096A6A1D194D059F0091860D /* Sources */,
				096A6A1E194D059F0091860D /* Frameworks */,
				096A6A1F194D059F0091860D /* Resources */,
			);
			buildRules = (
			);
			dependencies = (
			);
			name = "bike-1-1";
			productName = "bike-1-1";
			productReference = 096A6A21194D059F0091860D /* bike-1-1.app */;
			productType = "com.apple.product-type.application";
		};
		096A6A32194D059F0091860D /* bike-1-1Tests */ = {
			isa = PBXNativeTarget;
			buildConfigurationList = 096A6A40194D059F0091860D /* Build configuration list for PBXNativeTarget "bike-1-1Tests" */;
			buildPhases = (
				096A6A2F194D059F0091860D /* Sources */,
				096A6A30194D059F0091860D /* Frameworks */,
				096A6A31194D059F0091860D /* Resources */,
			);
			buildRules = (
			);
			dependencies = (
				096A6A35194D059F0091860D /* PBXTargetDependency */,
			);
			name = "bike-1-1Tests";
			productName = "bike-1-1Tests";
			productReference = 096A6A33194D059F0091860D /* bike-1-1Tests.xctest */;
			productType = "com.apple.product-type.bundle.unit-test";
		};
/* End PBXNativeTarget section */

/* Begin PBXProject section */
		096A6A19194D059F0091860D /* Project object */ = {
			isa = PBXProject;
			attributes = {
				LastUpgradeCheck = 0600;
				ORGANIZATIONNAME = Apprentice;
				TargetAttributes = {
					096A6A20194D059F0091860D = {
						CreatedOnToolsVersion = 6.0;
						DevelopmentTeam = 23X67DEYAK;
					};
					096A6A32194D059F0091860D = {
						CreatedOnToolsVersion = 6.0;
						TestTargetID = 096A6A20194D059F0091860D;
					};
				};
			};
			buildConfigurationList = 096A6A1C194D059F0091860D /* Build configuration list for PBXProject "bike-1-1" */;
			compatibilityVersion = "Xcode 3.2";
			developmentRegion = English;
			hasScannedForEncodings = 0;
			knownRegions = (
				en,
				Base,
			);
			mainGroup = 096A6A18194D059F0091860D;
			productRefGroup = 096A6A22194D059F0091860D /* Products */;
			projectDirPath = "";
			projectRoot = "";
			targets = (
				096A6A20194D059F0091860D /* bike-1-1 */,
				096A6A32194D059F0091860D /* bike-1-1Tests */,
			);
		};
/* End PBXProject section */

/* Begin PBXResourcesBuildPhase section */
		096A6A1F194D059F0091860D /* Resources */ = {
			isa = PBXResourcesBuildPhase;
			buildActionMask = 2147483647;
			files = (
				096A6A4A194D12370091860D /* dbc.gpx in Resources */,
				0907A73819524E4D0049DE03 /* EpP6YvQ.jpg in Resources */,
				096A6A2C194D059F0091860D /* Main.storyboard in Resources */,
				093F7CBF19535F6F00B2ED7D /* login_button1.png in Resources */,
				096A6A2E194D059F0091860D /* Images.xcassets in Resources */,
				093F7CBB1953403B00B2ED7D /* stars.jpg in Resources */,
			);
			runOnlyForDeploymentPostprocessing = 0;
		};
		096A6A31194D059F0091860D /* Resources */ = {
			isa = PBXResourcesBuildPhase;
			buildActionMask = 2147483647;
			files = (
			);
			runOnlyForDeploymentPostprocessing = 0;
		};
/* End PBXResourcesBuildPhase section */

/* Begin PBXSourcesBuildPhase section */
		096A6A1D194D059F0091860D /* Sources */ = {
			isa = PBXSourcesBuildPhase;
			buildActionMask = 2147483647;
			files = (
				096A6A44194D065B0091860D /* AddToMapViewController.swift in Sources */,
				0967C97E1950BCFF00353D1A /* LoginController.swift in Sources */,
				096A6A29194D059F0091860D /* MapViewController.swift in Sources */,
				096A6A27194D059F0091860D /* AppDelegate.swift in Sources */,
			);
			runOnlyForDeploymentPostprocessing = 0;
		};
		096A6A2F194D059F0091860D /* Sources */ = {
			isa = PBXSourcesBuildPhase;
			buildActionMask = 2147483647;
			files = (
				096A6A3A194D059F0091860D /* bike_1_1Tests.swift in Sources */,
			);
			runOnlyForDeploymentPostprocessing = 0;
		};
/* End PBXSourcesBuildPhase section */

/* Begin PBXTargetDependency section */
		096A6A35194D059F0091860D /* PBXTargetDependency */ = {
			isa = PBXTargetDependency;
			target = 096A6A20194D059F0091860D /* bike-1-1 */;
			targetProxy = 096A6A34194D059F0091860D /* PBXContainerItemProxy */;
		};
/* End PBXTargetDependency section */

/* Begin PBXVariantGroup section */
		096A6A2A194D059F0091860D /* Main.storyboard */ = {
			isa = PBXVariantGroup;
			children = (
				096A6A2B194D059F0091860D /* Base */,
			);
			name = Main.storyboard;
			sourceTree = "<group>";
		};
/* End PBXVariantGroup section */

/* Begin XCBuildConfiguration section */
		096A6A3B194D059F0091860D /* Debug */ = {
			isa = XCBuildConfiguration;
			buildSettings = {
				ALWAYS_SEARCH_USER_PATHS = NO;
				CLANG_CXX_LANGUAGE_STANDARD = "gnu++0x";
				CLANG_CXX_LIBRARY = "libc++";
				CLANG_ENABLE_MODULES = YES;
				CLANG_ENABLE_OBJC_ARC = YES;
				CLANG_WARN_BOOL_CONVERSION = YES;
				CLANG_WARN_CONSTANT_CONVERSION = YES;
				CLANG_WARN_DIRECT_OBJC_ISA_USAGE = YES_ERROR;
				CLANG_WARN_EMPTY_BODY = YES;
				CLANG_WARN_ENUM_CONVERSION = YES;
				CLANG_WARN_INT_CONVERSION = YES;
				CLANG_WARN_OBJC_ROOT_CLASS = YES_ERROR;
				CLANG_WARN_UNREACHABLE_CODE = YES;
				CLANG_WARN__DUPLICATE_METHOD_MATCH = YES;
				"CODE_SIGN_IDENTITY[sdk=iphoneos*]" = "iPhone Developer";
				COPY_PHASE_STRIP = NO;
				ENABLE_STRICT_OBJC_MSGSEND = YES;
				GCC_C_LANGUAGE_STANDARD = gnu99;
				GCC_DYNAMIC_NO_PIC = NO;
				GCC_OPTIMIZATION_LEVEL = 0;
				GCC_PREPROCESSOR_DEFINITIONS = (
					"DEBUG=1",
					"$(inherited)",
				);
				GCC_SYMBOLS_PRIVATE_EXTERN = NO;
				GCC_WARN_64_TO_32_BIT_CONVERSION = YES;
				GCC_WARN_ABOUT_RETURN_TYPE = YES_ERROR;
				GCC_WARN_UNDECLARED_SELECTOR = YES;
				GCC_WARN_UNINITIALIZED_AUTOS = YES_AGGRESSIVE;
				GCC_WARN_UNUSED_FUNCTION = YES;
				GCC_WARN_UNUSED_VARIABLE = YES;
				IPHONEOS_DEPLOYMENT_TARGET = 8.0;
				METAL_ENABLE_DEBUG_INFO = YES;
				ONLY_ACTIVE_ARCH = YES;
				SDKROOT = iphoneos;
				SWIFT_OPTIMIZATION_LEVEL = "-Onone";
			};
			name = Debug;
		};
		096A6A3C194D059F0091860D /* Release */ = {
			isa = XCBuildConfiguration;
			buildSettings = {
				ALWAYS_SEARCH_USER_PATHS = NO;
				CLANG_CXX_LANGUAGE_STANDARD = "gnu++0x";
				CLANG_CXX_LIBRARY = "libc++";
				CLANG_ENABLE_MODULES = YES;
				CLANG_ENABLE_OBJC_ARC = YES;
				CLANG_WARN_BOOL_CONVERSION = YES;
				CLANG_WARN_CONSTANT_CONVERSION = YES;
				CLANG_WARN_DIRECT_OBJC_ISA_USAGE = YES_ERROR;
				CLANG_WARN_EMPTY_BODY = YES;
				CLANG_WARN_ENUM_CONVERSION = YES;
				CLANG_WARN_INT_CONVERSION = YES;
				CLANG_WARN_OBJC_ROOT_CLASS = YES_ERROR;
				CLANG_WARN_UNREACHABLE_CODE = YES;
				CLANG_WARN__DUPLICATE_METHOD_MATCH = YES;
				"CODE_SIGN_IDENTITY[sdk=iphoneos*]" = "iPhone Developer";
				COPY_PHASE_STRIP = YES;
				ENABLE_NS_ASSERTIONS = NO;
				ENABLE_STRICT_OBJC_MSGSEND = YES;
				GCC_C_LANGUAGE_STANDARD = gnu99;
				GCC_WARN_64_TO_32_BIT_CONVERSION = YES;
				GCC_WARN_ABOUT_RETURN_TYPE = YES_ERROR;
				GCC_WARN_UNDECLARED_SELECTOR = YES;
				GCC_WARN_UNINITIALIZED_AUTOS = YES_AGGRESSIVE;
				GCC_WARN_UNUSED_FUNCTION = YES;
				GCC_WARN_UNUSED_VARIABLE = YES;
				IPHONEOS_DEPLOYMENT_TARGET = 8.0;
				METAL_ENABLE_DEBUG_INFO = NO;
				SDKROOT = iphoneos;
				VALIDATE_PRODUCT = YES;
			};
			name = Release;
		};
		096A6A3E194D059F0091860D /* Debug */ = {
			isa = XCBuildConfiguration;
			buildSettings = {
				ASSETCATALOG_COMPILER_APPICON_NAME = AppIcon;
				ASSETCATALOG_COMPILER_LAUNCHIMAGE_NAME = LaunchImage;
				CODE_SIGN_IDENTITY = "iPhone Developer";
				"CODE_SIGN_IDENTITY[sdk=iphoneos*]" = "iPhone Developer";
				INFOPLIST_FILE = "bike-1-1/Info.plist";
				IPHONEOS_DEPLOYMENT_TARGET = 7.0;
				LD_RUNPATH_SEARCH_PATHS = "$(inherited) @executable_path/Frameworks";
				PRODUCT_NAME = "$(TARGET_NAME)";
				PROVISIONING_PROFILE = "";
			};
			name = Debug;
		};
		096A6A3F194D059F0091860D /* Release */ = {
			isa = XCBuildConfiguration;
			buildSettings = {
				ASSETCATALOG_COMPILER_APPICON_NAME = AppIcon;
				ASSETCATALOG_COMPILER_LAUNCHIMAGE_NAME = LaunchImage;
				CODE_SIGN_IDENTITY = "iPhone Developer";
				"CODE_SIGN_IDENTITY[sdk=iphoneos*]" = "iPhone Developer";
				INFOPLIST_FILE = "bike-1-1/Info.plist";
				IPHONEOS_DEPLOYMENT_TARGET = 7.0;
				LD_RUNPATH_SEARCH_PATHS = "$(inherited) @executable_path/Frameworks";
				PRODUCT_NAME = "$(TARGET_NAME)";
				PROVISIONING_PROFILE = "";
			};
			name = Release;
		};
		096A6A41194D059F0091860D /* Debug */ = {
			isa = XCBuildConfiguration;
			buildSettings = {
				BUNDLE_LOADER = "$(BUILT_PRODUCTS_DIR)/bike-1-1.app/bike-1-1";
				FRAMEWORK_SEARCH_PATHS = (
					"$(SDKROOT)/Developer/Library/Frameworks",
					"$(inherited)",
				);
				GCC_PREPROCESSOR_DEFINITIONS = (
					"DEBUG=1",
					"$(inherited)",
				);
				INFOPLIST_FILE = "bike-1-1Tests/Info.plist";
				LD_RUNPATH_SEARCH_PATHS = "$(inherited) @executable_path/Frameworks @loader_path/Frameworks";
				METAL_ENABLE_DEBUG_INFO = YES;
				PRODUCT_NAME = "$(TARGET_NAME)";
				TEST_HOST = "$(BUNDLE_LOADER)";
			};
			name = Debug;
		};
		096A6A42194D059F0091860D /* Release */ = {
			isa = XCBuildConfiguration;
			buildSettings = {
				BUNDLE_LOADER = "$(BUILT_PRODUCTS_DIR)/bike-1-1.app/bike-1-1";
				FRAMEWORK_SEARCH_PATHS = (
					"$(SDKROOT)/Developer/Library/Frameworks",
					"$(inherited)",
				);
				INFOPLIST_FILE = "bike-1-1Tests/Info.plist";
				LD_RUNPATH_SEARCH_PATHS = "$(inherited) @executable_path/Frameworks @loader_path/Frameworks";
				METAL_ENABLE_DEBUG_INFO = NO;
				PRODUCT_NAME = "$(TARGET_NAME)";
				TEST_HOST = "$(BUNDLE_LOADER)";
			};
			name = Release;
		};
/* End XCBuildConfiguration section */

/* Begin XCConfigurationList section */
		096A6A1C194D059F0091860D /* Build configuration list for PBXProject "bike-1-1" */ = {
			isa = XCConfigurationList;
			buildConfigurations = (
				096A6A3B194D059F0091860D /* Debug */,
				096A6A3C194D059F0091860D /* Release */,
			);
			defaultConfigurationIsVisible = 0;
			defaultConfigurationName = Release;
		};
		096A6A3D194D059F0091860D /* Build configuration list for PBXNativeTarget "bike-1-1" */ = {
			isa = XCConfigurationList;
			buildConfigurations = (
				096A6A3E194D059F0091860D /* Debug */,
				096A6A3F194D059F0091860D /* Release */,
			);
			defaultConfigurationIsVisible = 0;
			defaultConfigurationName = Release;
		};
		096A6A40194D059F0091860D /* Build configuration list for PBXNativeTarget "bike-1-1Tests" */ = {
			isa = XCConfigurationList;
			buildConfigurations = (
				096A6A41194D059F0091860D /* Debug */,
				096A6A42194D059F0091860D /* Release */,
			);
			defaultConfigurationIsVisible = 0;
			defaultConfigurationName = Release;
		};
/* End XCConfigurationList section */
	};
	rootObject = 096A6A19194D059F0091860D /* Project object */;
}
