// !$*UTF8*$!
{
	archiveVersion = 1;
	classes = {
	};
	objectVersion = 46;
	objects = {

/* Begin PBXBuildFile section */
		F48D0ABE194A2F7E001F1EDF /* AppDelegate.swift in Sources */ = {isa = PBXBuildFile; fileRef = F48D0ABD194A2F7E001F1EDF /* AppDelegate.swift */; };
		F48D0AC0194A2F7E001F1EDF /* ViewController.swift in Sources */ = {isa = PBXBuildFile; fileRef = F48D0ABF194A2F7E001F1EDF /* ViewController.swift */; };
		F48D0AC3194A2F7E001F1EDF /* Main.storyboard in Resources */ = {isa = PBXBuildFile; fileRef = F48D0AC1194A2F7E001F1EDF /* Main.storyboard */; };
		F48D0AC5194A2F7E001F1EDF /* Images.xcassets in Resources */ = {isa = PBXBuildFile; fileRef = F48D0AC4194A2F7E001F1EDF /* Images.xcassets */; };
		F48D0AD1194A2F7E001F1EDF /* map_test2Tests.swift in Sources */ = {isa = PBXBuildFile; fileRef = F48D0AD0194A2F7E001F1EDF /* map_test2Tests.swift */; };
		F48D0ADB194A2FA6001F1EDF /* MapKit.framework in Frameworks */ = {isa = PBXBuildFile; fileRef = F48D0ADA194A2FA6001F1EDF /* MapKit.framework */; };
		F48D0B64194A78B9001F1EDF /* CoreLocation.framework in Frameworks */ = {isa = PBXBuildFile; fileRef = F48D0B63194A78B9001F1EDF /* CoreLocation.framework */; };
		F48D0B66194B3AF7001F1EDF /* dbc.gpx in Resources */ = {isa = PBXBuildFile; fileRef = F48D0B65194B3AF7001F1EDF /* dbc.gpx */; };
/* End PBXBuildFile section */

/* Begin PBXContainerItemProxy section */
		F48D0ACB194A2F7E001F1EDF /* PBXContainerItemProxy */ = {
			isa = PBXContainerItemProxy;
			containerPortal = F48D0AB0194A2F7E001F1EDF /* Project object */;
			proxyType = 1;
			remoteGlobalIDString = F48D0AB7194A2F7E001F1EDF;
			remoteInfo = map_test2;
		};
/* End PBXContainerItemProxy section */

/* Begin PBXFileReference section */
		F48D0AB8194A2F7E001F1EDF /* bike-1-1.app */ = {isa = PBXFileReference; explicitFileType = wrapper.application; includeInIndex = 0; path = "bike-1-1.app"; sourceTree = BUILT_PRODUCTS_DIR; };
		F48D0ABC194A2F7E001F1EDF /* Info.plist */ = {isa = PBXFileReference; lastKnownFileType = text.plist.xml; path = Info.plist; sourceTree = "<group>"; };
		F48D0ABD194A2F7E001F1EDF /* AppDelegate.swift */ = {isa = PBXFileReference; lastKnownFileType = sourcecode.swift; path = AppDelegate.swift; sourceTree = "<group>"; };
		F48D0ABF194A2F7E001F1EDF /* ViewController.swift */ = {isa = PBXFileReference; lastKnownFileType = sourcecode.swift; path = ViewController.swift; sourceTree = "<group>"; };
		F48D0AC2194A2F7E001F1EDF /* Base */ = {isa = PBXFileReference; lastKnownFileType = file.storyboard; name = Base; path = Base.lproj/Main.storyboard; sourceTree = "<group>"; };
		F48D0AC4194A2F7E001F1EDF /* Images.xcassets */ = {isa = PBXFileReference; lastKnownFileType = folder.assetcatalog; path = Images.xcassets; sourceTree = "<group>"; };
		F48D0ACA194A2F7E001F1EDF /* bike-1-1Tests.xctest */ = {isa = PBXFileReference; explicitFileType = wrapper.cfbundle; includeInIndex = 0; path = "bike-1-1Tests.xctest"; sourceTree = BUILT_PRODUCTS_DIR; };
		F48D0ACF194A2F7E001F1EDF /* Info.plist */ = {isa = PBXFileReference; lastKnownFileType = text.plist.xml; path = Info.plist; sourceTree = "<group>"; };
		F48D0AD0194A2F7E001F1EDF /* map_test2Tests.swift */ = {isa = PBXFileReference; lastKnownFileType = sourcecode.swift; path = map_test2Tests.swift; sourceTree = "<group>"; };
		F48D0ADA194A2FA6001F1EDF /* MapKit.framework */ = {isa = PBXFileReference; lastKnownFileType = wrapper.framework; name = MapKit.framework; path = System/Library/Frameworks/MapKit.framework; sourceTree = SDKROOT; };
		F48D0B63194A78B9001F1EDF /* CoreLocation.framework */ = {isa = PBXFileReference; lastKnownFileType = wrapper.framework; name = CoreLocation.framework; path = System/Library/Frameworks/CoreLocation.framework; sourceTree = SDKROOT; };
		F48D0B65194B3AF7001F1EDF /* dbc.gpx */ = {isa = PBXFileReference; fileEncoding = 4; lastKnownFileType = text; path = dbc.gpx; sourceTree = "<group>"; };
/* End PBXFileReference section */

/* Begin PBXFrameworksBuildPhase section */
		F48D0AB5194A2F7E001F1EDF /* Frameworks */ = {
			isa = PBXFrameworksBuildPhase;
			buildActionMask = 2147483647;
			files = (
				F48D0B64194A78B9001F1EDF /* CoreLocation.framework in Frameworks */,
				F48D0ADB194A2FA6001F1EDF /* MapKit.framework in Frameworks */,
			);
			runOnlyForDeploymentPostprocessing = 0;
		};
		F48D0AC7194A2F7E001F1EDF /* Frameworks */ = {
			isa = PBXFrameworksBuildPhase;
			buildActionMask = 2147483647;
			files = (
			);
			runOnlyForDeploymentPostprocessing = 0;
		};
/* End PBXFrameworksBuildPhase section */

/* Begin PBXGroup section */
		F48D0AAF194A2F7E001F1EDF = {
			isa = PBXGroup;
			children = (
				F48D0B65194B3AF7001F1EDF /* dbc.gpx */,
				F48D0B63194A78B9001F1EDF /* CoreLocation.framework */,
				F48D0ADA194A2FA6001F1EDF /* MapKit.framework */,
				F48D0ABA194A2F7E001F1EDF /* bike-1-1 */,
				F48D0ACD194A2F7E001F1EDF /* bike-1-1Tests */,
				F48D0AB9194A2F7E001F1EDF /* Products */,
			);
			sourceTree = "<group>";
		};
		F48D0AB9194A2F7E001F1EDF /* Products */ = {
			isa = PBXGroup;
			children = (
				F48D0AB8194A2F7E001F1EDF /* bike-1-1.app */,
				F48D0ACA194A2F7E001F1EDF /* bike-1-1Tests.xctest */,
			);
			name = Products;
			sourceTree = "<group>";
		};
		F48D0ABA194A2F7E001F1EDF /* bike-1-1 */ = {
			isa = PBXGroup;
			children = (
				F48D0ABD194A2F7E001F1EDF /* AppDelegate.swift */,
				F48D0ABF194A2F7E001F1EDF /* ViewController.swift */,
				F48D0AC1194A2F7E001F1EDF /* Main.storyboard */,
				F48D0AC4194A2F7E001F1EDF /* Images.xcassets */,
				F48D0ABB194A2F7E001F1EDF /* Supporting Files */,
			);
			name = "bike-1-1";
			path = map_test2;
			sourceTree = "<group>";
		};
		F48D0ABB194A2F7E001F1EDF /* Supporting Files */ = {
			isa = PBXGroup;
			children = (
				F48D0ABC194A2F7E001F1EDF /* Info.plist */,
			);
			name = "Supporting Files";
			sourceTree = "<group>";
		};
		F48D0ACD194A2F7E001F1EDF /* bike-1-1Tests */ = {
			isa = PBXGroup;
			children = (
				F48D0AD0194A2F7E001F1EDF /* map_test2Tests.swift */,
				F48D0ACE194A2F7E001F1EDF /* Supporting Files */,
			);
			name = "bike-1-1Tests";
			path = map_test2Tests;
			sourceTree = "<group>";
		};
		F48D0ACE194A2F7E001F1EDF /* Supporting Files */ = {
			isa = PBXGroup;
			children = (
				F48D0ACF194A2F7E001F1EDF /* Info.plist */,
			);
			name = "Supporting Files";
			sourceTree = "<group>";
		};
/* End PBXGroup section */

/* Begin PBXNativeTarget section */
		F48D0AB7194A2F7E001F1EDF /* bike-1-1 */ = {
			isa = PBXNativeTarget;
			buildConfigurationList = F48D0AD4194A2F7E001F1EDF /* Build configuration list for PBXNativeTarget "bike-1-1" */;
			buildPhases = (
				F48D0AB4194A2F7E001F1EDF /* Sources */,
				F48D0AB5194A2F7E001F1EDF /* Frameworks */,
				F48D0AB6194A2F7E001F1EDF /* Resources */,
			);
			buildRules = (
			);
			dependencies = (
			);
			name = "bike-1-1";
			productName = map_test2;
			productReference = F48D0AB8194A2F7E001F1EDF /* bike-1-1.app */;
			productType = "com.apple.product-type.application";
		};
		F48D0AC9194A2F7E001F1EDF /* bike-1-1Tests */ = {
			isa = PBXNativeTarget;
			buildConfigurationList = F48D0AD7194A2F7E001F1EDF /* Build configuration list for PBXNativeTarget "bike-1-1Tests" */;
			buildPhases = (
				F48D0AC6194A2F7E001F1EDF /* Sources */,
				F48D0AC7194A2F7E001F1EDF /* Frameworks */,
				F48D0AC8194A2F7E001F1EDF /* Resources */,
			);
			buildRules = (
			);
			dependencies = (
				F48D0ACC194A2F7E001F1EDF /* PBXTargetDependency */,
			);
			name = "bike-1-1Tests";
			productName = map_test2Tests;
			productReference = F48D0ACA194A2F7E001F1EDF /* bike-1-1Tests.xctest */;
			productType = "com.apple.product-type.bundle.unit-test";
		};
/* End PBXNativeTarget section */

/* Begin PBXProject section */
		F48D0AB0194A2F7E001F1EDF /* Project object */ = {
			isa = PBXProject;
			attributes = {
				LastUpgradeCheck = 0600;
				ORGANIZATIONNAME = "Jared Daugherty";
				TargetAttributes = {
					F48D0AB7194A2F7E001F1EDF = {
						CreatedOnToolsVersion = 6.0;
					};
					F48D0AC9194A2F7E001F1EDF = {
						CreatedOnToolsVersion = 6.0;
						TestTargetID = F48D0AB7194A2F7E001F1EDF;
					};
				};
			};
			buildConfigurationList = F48D0AB3194A2F7E001F1EDF /* Build configuration list for PBXProject "bike-1-1" */;
			compatibilityVersion = "Xcode 3.2";
			developmentRegion = English;
			hasScannedForEncodings = 0;
			knownRegions = (
				en,
				Base,
			);
			mainGroup = F48D0AAF194A2F7E001F1EDF;
			productRefGroup = F48D0AB9194A2F7E001F1EDF /* Products */;
			projectDirPath = "";
			projectRoot = "";
			targets = (
				F48D0AB7194A2F7E001F1EDF /* bike-1-1 */,
				F48D0AC9194A2F7E001F1EDF /* bike-1-1Tests */,
			);
		};
/* End PBXProject section */

/* Begin PBXResourcesBuildPhase section */
		F48D0AB6194A2F7E001F1EDF /* Resources */ = {
			isa = PBXResourcesBuildPhase;
			buildActionMask = 2147483647;
			files = (
				F48D0B66194B3AF7001F1EDF /* dbc.gpx in Resources */,
				F48D0AC3194A2F7E001F1EDF /* Main.storyboard in Resources */,
				F48D0AC5194A2F7E001F1EDF /* Images.xcassets in Resources */,
			);
			runOnlyForDeploymentPostprocessing = 0;
		};
		F48D0AC8194A2F7E001F1EDF /* Resources */ = {
			isa = PBXResourcesBuildPhase;
			buildActionMask = 2147483647;
			files = (
			);
			runOnlyForDeploymentPostprocessing = 0;
		};
/* End PBXResourcesBuildPhase section */

/* Begin PBXSourcesBuildPhase section */
		F48D0AB4194A2F7E001F1EDF /* Sources */ = {
			isa = PBXSourcesBuildPhase;
			buildActionMask = 2147483647;
			files = (
				F48D0AC0194A2F7E001F1EDF /* ViewController.swift in Sources */,
				F48D0ABE194A2F7E001F1EDF /* AppDelegate.swift in Sources */,
			);
			runOnlyForDeploymentPostprocessing = 0;
		};
		F48D0AC6194A2F7E001F1EDF /* Sources */ = {
			isa = PBXSourcesBuildPhase;
			buildActionMask = 2147483647;
			files = (
				F48D0AD1194A2F7E001F1EDF /* map_test2Tests.swift in Sources */,
			);
			runOnlyForDeploymentPostprocessing = 0;
		};
/* End PBXSourcesBuildPhase section */

/* Begin PBXTargetDependency section */
		F48D0ACC194A2F7E001F1EDF /* PBXTargetDependency */ = {
			isa = PBXTargetDependency;
			target = F48D0AB7194A2F7E001F1EDF /* bike-1-1 */;
			targetProxy = F48D0ACB194A2F7E001F1EDF /* PBXContainerItemProxy */;
		};
/* End PBXTargetDependency section */

/* Begin PBXVariantGroup section */
		F48D0AC1194A2F7E001F1EDF /* Main.storyboard */ = {
			isa = PBXVariantGroup;
			children = (
				F48D0AC2194A2F7E001F1EDF /* Base */,
			);
			name = Main.storyboard;
			sourceTree = "<group>";
		};
/* End PBXVariantGroup section */

/* Begin XCBuildConfiguration section */
		F48D0AD2194A2F7E001F1EDF /* Debug */ = {
			isa = XCBuildConfiguration;
			buildSettings = {
				ALWAYS_SEARCH_USER_PATHS = NO;
				CLANG_CXX_LANGUAGE_STANDARD = "gnu++0x";
				CLANG_CXX_LIBRARY = "libc++";
				CLANG_ENABLE_MODULES = YES;
				CLANG_ENABLE_OBJC_ARC = YES;
				CLANG_WARN_BOOL_CONVERSION = YES;
				CLANG_WARN_CONSTANT_CONVERSION = YES;
				CLANG_WARN_DIRECT_OBJC_ISA_USAGE = YES_ERROR;
				CLANG_WARN_EMPTY_BODY = YES;
				CLANG_WARN_ENUM_CONVERSION = YES;
				CLANG_WARN_INT_CONVERSION = YES;
				CLANG_WARN_OBJC_ROOT_CLASS = YES_ERROR;
				CLANG_WARN_UNREACHABLE_CODE = YES;
				CLANG_WARN__DUPLICATE_METHOD_MATCH = YES;
				"CODE_SIGN_IDENTITY[sdk=iphoneos*]" = "iPhone Developer";
				COPY_PHASE_STRIP = NO;
				ENABLE_STRICT_OBJC_MSGSEND = YES;
				GCC_C_LANGUAGE_STANDARD = gnu99;
				GCC_DYNAMIC_NO_PIC = NO;
				GCC_OPTIMIZATION_LEVEL = 0;
				GCC_PREPROCESSOR_DEFINITIONS = (
					"DEBUG=1",
					"$(inherited)",
				);
				GCC_SYMBOLS_PRIVATE_EXTERN = NO;
				GCC_WARN_64_TO_32_BIT_CONVERSION = YES;
				GCC_WARN_ABOUT_RETURN_TYPE = YES_ERROR;
				GCC_WARN_UNDECLARED_SELECTOR = YES;
				GCC_WARN_UNINITIALIZED_AUTOS = YES_AGGRESSIVE;
				GCC_WARN_UNUSED_FUNCTION = YES;
				GCC_WARN_UNUSED_VARIABLE = YES;
				IPHONEOS_DEPLOYMENT_TARGET = 8.0;
				METAL_ENABLE_DEBUG_INFO = YES;
				ONLY_ACTIVE_ARCH = YES;
				SDKROOT = iphoneos;
				SWIFT_OPTIMIZATION_LEVEL = "-Onone";
			};
			name = Debug;
		};
		F48D0AD3194A2F7E001F1EDF /* Release */ = {
			isa = XCBuildConfiguration;
			buildSettings = {
				ALWAYS_SEARCH_USER_PATHS = NO;
				CLANG_CXX_LANGUAGE_STANDARD = "gnu++0x";
				CLANG_CXX_LIBRARY = "libc++";
				CLANG_ENABLE_MODULES = YES;
				CLANG_ENABLE_OBJC_ARC = YES;
				CLANG_WARN_BOOL_CONVERSION = YES;
				CLANG_WARN_CONSTANT_CONVERSION = YES;
				CLANG_WARN_DIRECT_OBJC_ISA_USAGE = YES_ERROR;
				CLANG_WARN_EMPTY_BODY = YES;
				CLANG_WARN_ENUM_CONVERSION = YES;
				CLANG_WARN_INT_CONVERSION = YES;
				CLANG_WARN_OBJC_ROOT_CLASS = YES_ERROR;
				CLANG_WARN_UNREACHABLE_CODE = YES;
				CLANG_WARN__DUPLICATE_METHOD_MATCH = YES;
				"CODE_SIGN_IDENTITY[sdk=iphoneos*]" = "iPhone Developer";
				COPY_PHASE_STRIP = YES;
				ENABLE_NS_ASSERTIONS = NO;
				ENABLE_STRICT_OBJC_MSGSEND = YES;
				GCC_C_LANGUAGE_STANDARD = gnu99;
				GCC_WARN_64_TO_32_BIT_CONVERSION = YES;
				GCC_WARN_ABOUT_RETURN_TYPE = YES_ERROR;
				GCC_WARN_UNDECLARED_SELECTOR = YES;
				GCC_WARN_UNINITIALIZED_AUTOS = YES_AGGRESSIVE;
				GCC_WARN_UNUSED_FUNCTION = YES;
				GCC_WARN_UNUSED_VARIABLE = YES;
				IPHONEOS_DEPLOYMENT_TARGET = 8.0;
				METAL_ENABLE_DEBUG_INFO = NO;
				SDKROOT = iphoneos;
				VALIDATE_PRODUCT = YES;
			};
			name = Release;
		};
		F48D0AD5194A2F7E001F1EDF /* Debug */ = {
			isa = XCBuildConfiguration;
			buildSettings = {
				ASSETCATALOG_COMPILER_APPICON_NAME = AppIcon;
				ASSETCATALOG_COMPILER_LAUNCHIMAGE_NAME = LaunchImage;
				CODE_SIGN_IDENTITY = "iPhone Developer";
				INFOPLIST_FILE = map_test2/Info.plist;
				IPHONEOS_DEPLOYMENT_TARGET = 7.0;
				LD_RUNPATH_SEARCH_PATHS = "$(inherited) @executable_path/Frameworks";
				PRODUCT_NAME = "bike-1-1";
			};
			name = Debug;
		};
		F48D0AD6194A2F7E001F1EDF /* Release */ = {
			isa = XCBuildConfiguration;
			buildSettings = {
				ASSETCATALOG_COMPILER_APPICON_NAME = AppIcon;
				ASSETCATALOG_COMPILER_LAUNCHIMAGE_NAME = LaunchImage;
				CODE_SIGN_IDENTITY = "iPhone Developer";
				INFOPLIST_FILE = map_test2/Info.plist;
				IPHONEOS_DEPLOYMENT_TARGET = 7.0;
				LD_RUNPATH_SEARCH_PATHS = "$(inherited) @executable_path/Frameworks";
				PRODUCT_NAME = "bike-1-1";
			};
			name = Release;
		};
		F48D0AD8194A2F7E001F1EDF /* Debug */ = {
			isa = XCBuildConfiguration;
			buildSettings = {
				BUNDLE_LOADER = "$(BUILT_PRODUCTS_DIR)/map_test2.app/map_test2";
				FRAMEWORK_SEARCH_PATHS = (
					"$(SDKROOT)/Developer/Library/Frameworks",
					"$(inherited)",
				);
				GCC_PREPROCESSOR_DEFINITIONS = (
					"DEBUG=1",
					"$(inherited)",
				);
				INFOPLIST_FILE = map_test2Tests/Info.plist;
				LD_RUNPATH_SEARCH_PATHS = "$(inherited) @executable_path/Frameworks @loader_path/Frameworks";
				METAL_ENABLE_DEBUG_INFO = YES;
				PRODUCT_NAME = "bike-1-1Tests";
				TEST_HOST = "$(BUNDLE_LOADER)";
			};
			name = Debug;
		};
		F48D0AD9194A2F7E001F1EDF /* Release */ = {
			isa = XCBuildConfiguration;
			buildSettings = {
				BUNDLE_LOADER = "$(BUILT_PRODUCTS_DIR)/map_test2.app/map_test2";
				FRAMEWORK_SEARCH_PATHS = (
					"$(SDKROOT)/Developer/Library/Frameworks",
					"$(inherited)",
				);
				INFOPLIST_FILE = map_test2Tests/Info.plist;
				LD_RUNPATH_SEARCH_PATHS = "$(inherited) @executable_path/Frameworks @loader_path/Frameworks";
				METAL_ENABLE_DEBUG_INFO = NO;
				PRODUCT_NAME = "bike-1-1Tests";
				TEST_HOST = "$(BUNDLE_LOADER)";
			};
			name = Release;
		};
/* End XCBuildConfiguration section */

/* Begin XCConfigurationList section */
		F48D0AB3194A2F7E001F1EDF /* Build configuration list for PBXProject "bike-1-1" */ = {
			isa = XCConfigurationList;
			buildConfigurations = (
				F48D0AD2194A2F7E001F1EDF /* Debug */,
				F48D0AD3194A2F7E001F1EDF /* Release */,
			);
			defaultConfigurationIsVisible = 0;
			defaultConfigurationName = Release;
		};
		F48D0AD4194A2F7E001F1EDF /* Build configuration list for PBXNativeTarget "bike-1-1" */ = {
			isa = XCConfigurationList;
			buildConfigurations = (
				F48D0AD5194A2F7E001F1EDF /* Debug */,
				F48D0AD6194A2F7E001F1EDF /* Release */,
			);
			defaultConfigurationIsVisible = 0;
			defaultConfigurationName = Release;
		};
		F48D0AD7194A2F7E001F1EDF /* Build configuration list for PBXNativeTarget "bike-1-1Tests" */ = {
			isa = XCConfigurationList;
			buildConfigurations = (
				F48D0AD8194A2F7E001F1EDF /* Debug */,
				F48D0AD9194A2F7E001F1EDF /* Release */,
			);
			defaultConfigurationIsVisible = 0;
			defaultConfigurationName = Release;
		};
/* End XCConfigurationList section */
	};
	rootObject = F48D0AB0194A2F7E001F1EDF /* Project object */;
}
